
Microsoft Visual Studio Solution File, Format Version 12.00
# Visual Studio Version 16
VisualStudioVersion = 16.0.29521.150
MinimumVisualStudioVersion = 15.0.26124.0
Project("{9A19103F-16F7-4668-BE54-9A1E7A4F7556}") = "CloudNimble.Extensions.Configuration.ConfigFile", "CloudNimble.Extensions.Configuration.ConfigFile\CloudNimble.Extensions.Configuration.ConfigFile.csproj", "{27116F6E-D15C-49E0-95F4-3C3AE7C615AD}"
EndProject
Project("{2150E333-8FDC-42A3-9474-1A3956D46DE8}") = "Solution Items", "Solution Items", "{DE29D9B4-119E-4C3A-B9E1-339F1A4C8B08}"
	ProjectSection(SolutionItems) = preProject
		.editorconfig = .editorconfig
		Directory.Build.props = Directory.Build.props
	EndProjectSection
EndProject
Project("{2150E333-8FDC-42A3-9474-1A3956D46DE8}") = "Core", "Core", "{B25F94A9-00FC-4CEA-AFBA-9B3C35DD8AE0}"
EndProject
Project("{2150E333-8FDC-42A3-9474-1A3956D46DE8}") = "Tests", "Tests", "{2DAEC4DB-CDEC-4A69-954D-2EE6BDC09402}"
EndProject
Project("{9A19103F-16F7-4668-BE54-9A1E7A4F7556}") = "CloudNimble.Extensions.Configuration.Tests.ConfigFile", "CloudNimble.Extensions.Configuration.Tests.ConfigFile\CloudNimble.Extensions.Configuration.Tests.ConfigFile.csproj", "{8CCDDB35-3101-40C2-9C59-D5B1EDAE06CF}"
EndProject
Global
	GlobalSection(SolutionConfigurationPlatforms) = preSolution
		Debug|Any CPU = Debug|Any CPU
		Debug|x64 = Debug|x64
		Debug|x86 = Debug|x86
		Release|Any CPU = Release|Any CPU
		Release|x64 = Release|x64
		Release|x86 = Release|x86
	EndGlobalSection
	GlobalSection(ProjectConfigurationPlatforms) = postSolution
		{27116F6E-D15C-49E0-95F4-3C3AE7C615AD}.Debug|Any CPU.ActiveCfg = Debug|Any CPU
		{27116F6E-D15C-49E0-95F4-3C3AE7C615AD}.Debug|Any CPU.Build.0 = Debug|Any CPU
		{27116F6E-D15C-49E0-95F4-3C3AE7C615AD}.Debug|x64.ActiveCfg = Debug|Any CPU
		{27116F6E-D15C-49E0-95F4-3C3AE7C615AD}.Debug|x64.Build.0 = Debug|Any CPU
		{27116F6E-D15C-49E0-95F4-3C3AE7C615AD}.Debug|x86.ActiveCfg = Debug|Any CPU
		{27116F6E-D15C-49E0-95F4-3C3AE7C615AD}.Debug|x86.Build.0 = Debug|Any CPU
		{27116F6E-D15C-49E0-95F4-3C3AE7C615AD}.Release|Any CPU.ActiveCfg = Release|Any CPU
		{27116F6E-D15C-49E0-95F4-3C3AE7C615AD}.Release|Any CPU.Build.0 = Release|Any CPU
		{27116F6E-D15C-49E0-95F4-3C3AE7C615AD}.Release|x64.ActiveCfg = Release|Any CPU
		{27116F6E-D15C-49E0-95F4-3C3AE7C615AD}.Release|x64.Build.0 = Release|Any CPU
		{27116F6E-D15C-49E0-95F4-3C3AE7C615AD}.Release|x86.ActiveCfg = Release|Any CPU
		{27116F6E-D15C-49E0-95F4-3C3AE7C615AD}.Release|x86.Build.0 = Release|Any CPU
		{8CCDDB35-3101-40C2-9C59-D5B1EDAE06CF}.Debug|Any CPU.ActiveCfg = Debug|Any CPU
		{8CCDDB35-3101-40C2-9C59-D5B1EDAE06CF}.Debug|Any CPU.Build.0 = Debug|Any CPU
		{8CCDDB35-3101-40C2-9C59-D5B1EDAE06CF}.Debug|x64.ActiveCfg = Debug|Any CPU
		{8CCDDB35-3101-40C2-9C59-D5B1EDAE06CF}.Debug|x64.Build.0 = Debug|Any CPU
		{8CCDDB35-3101-40C2-9C59-D5B1EDAE06CF}.Debug|x86.ActiveCfg = Debug|Any CPU
		{8CCDDB35-3101-40C2-9C59-D5B1EDAE06CF}.Debug|x86.Build.0 = Debug|Any CPU
		{8CCDDB35-3101-40C2-9C59-D5B1EDAE06CF}.Release|Any CPU.ActiveCfg = Release|Any CPU
		{8CCDDB35-3101-40C2-9C59-D5B1EDAE06CF}.Release|Any CPU.Build.0 = Release|Any CPU
		{8CCDDB35-3101-40C2-9C59-D5B1EDAE06CF}.Release|x64.ActiveCfg = Release|Any CPU
		{8CCDDB35-3101-40C2-9C59-D5B1EDAE06CF}.Release|x64.Build.0 = Release|Any CPU
		{8CCDDB35-3101-40C2-9C59-D5B1EDAE06CF}.Release|x86.ActiveCfg = Release|Any CPU
		{8CCDDB35-3101-40C2-9C59-D5B1EDAE06CF}.Release|x86.Build.0 = Release|Any CPU
	EndGlobalSection
	GlobalSection(SolutionProperties) = preSolution
		HideSolutionNode = FALSE
	EndGlobalSection
	GlobalSection(NestedProjects) = preSolution
		{27116F6E-D15C-49E0-95F4-3C3AE7C615AD} = {B25F94A9-00FC-4CEA-AFBA-9B3C35DD8AE0}
		{8CCDDB35-3101-40C2-9C59-D5B1EDAE06CF} = {2DAEC4DB-CDEC-4A69-954D-2EE6BDC09402}
	EndGlobalSection
	GlobalSection(ExtensibilityGlobals) = postSolution
		SolutionGuid = {97D1AB86-C145-4CC4-8DF8-22EDC6FD0F6E}
	EndGlobalSection
EndGlobal
